// !$*UTF8*$!
{
	archiveVersion = 1;
	classes = {
	};
	objectVersion = 50;
	objects = {

/* Begin PBXBuildFile section */
		3F56CA0527C6C6F2004532B0 /* Story.json in Resources */ = {isa = PBXBuildFile; fileRef = 3F56CA0427C6C6F2004532B0 /* Story.json */; };
		3F56CA0827C6C72F004532B0 /* TestData.swift in Sources */ = {isa = PBXBuildFile; fileRef = 3F56CA0727C6C72F004532B0 /* TestData.swift */; };
		3F56CA0C27C6CC20004532B0 /* NewsView.swift in Sources */ = {isa = PBXBuildFile; fileRef = 3F56CA0B27C6CC20004532B0 /* NewsView.swift */; };
		3F56CA0F27C6D2E9004532B0 /* Formatting.swift in Sources */ = {isa = PBXBuildFile; fileRef = 3F56CA0E27C6D2E9004532B0 /* Formatting.swift */; };
		3FAD9C8F27C9692000316475 /* APIRequest.swift in Sources */ = {isa = PBXBuildFile; fileRef = 3FAD9C8E27C9692000316475 /* APIRequest.swift */; };
		3FCB33E027C9BD8F00F0D8B6 /* NewsViewModel.swift in Sources */ = {isa = PBXBuildFile; fileRef = 3FCB33DF27C9BD8F00F0D8B6 /* NewsViewModel.swift */; };
		3FDB6A1027C81B2100DAEBE8 /* Story.swift in Sources */ = {isa = PBXBuildFile; fileRef = 3FDB6A0F27C81B2100DAEBE8 /* Story.swift */; };
		3FFB7A6227C574FC0063D778 /* HackerNewsApp.swift in Sources */ = {isa = PBXBuildFile; fileRef = 3FFB7A6127C574FC0063D778 /* HackerNewsApp.swift */; };
		3FFB7A6627C575050063D778 /* Assets.xcassets in Resources */ = {isa = PBXBuildFile; fileRef = 3FFB7A6527C575050063D778 /* Assets.xcassets */; };
		3FFB7A6927C575050063D778 /* Preview Assets.xcassets in Resources */ = {isa = PBXBuildFile; fileRef = 3FFB7A6827C575050063D778 /* Preview Assets.xcassets */; };
		3FFB7A7327C575210063D778 /* Item.swift in Sources */ = {isa = PBXBuildFile; fileRef = 3FFB7A7227C575210063D778 /* Item.swift */; };
/* End PBXBuildFile section */

/* Begin PBXFileReference section */
		3F56CA0427C6C6F2004532B0 /* Story.json */ = {isa = PBXFileReference; lastKnownFileType = text.json; path = Story.json; sourceTree = "<group>"; };
		3F56CA0727C6C72F004532B0 /* TestData.swift */ = {isa = PBXFileReference; lastKnownFileType = sourcecode.swift; path = TestData.swift; sourceTree = "<group>"; };
		3F56CA0B27C6CC20004532B0 /* NewsView.swift */ = {isa = PBXFileReference; lastKnownFileType = sourcecode.swift; path = NewsView.swift; sourceTree = "<group>"; };
		3F56CA0E27C6D2E9004532B0 /* Formatting.swift */ = {isa = PBXFileReference; lastKnownFileType = sourcecode.swift; path = Formatting.swift; sourceTree = "<group>"; };
		3FAD9C8E27C9692000316475 /* APIRequest.swift */ = {isa = PBXFileReference; lastKnownFileType = sourcecode.swift; path = APIRequest.swift; sourceTree = "<group>"; };
		3FCB33DF27C9BD8F00F0D8B6 /* NewsViewModel.swift */ = {isa = PBXFileReference; lastKnownFileType = sourcecode.swift; path = NewsViewModel.swift; sourceTree = "<group>"; };
		3FDB6A0F27C81B2100DAEBE8 /* Story.swift */ = {isa = PBXFileReference; lastKnownFileType = sourcecode.swift; path = Story.swift; sourceTree = "<group>"; };
		3FFB7A5E27C574FC0063D778 /* HackerNews.app */ = {isa = PBXFileReference; explicitFileType = wrapper.application; includeInIndex = 0; path = HackerNews.app; sourceTree = BUILT_PRODUCTS_DIR; };
		3FFB7A6127C574FC0063D778 /* HackerNewsApp.swift */ = {isa = PBXFileReference; lastKnownFileType = sourcecode.swift; path = HackerNewsApp.swift; sourceTree = "<group>"; };
		3FFB7A6527C575050063D778 /* Assets.xcassets */ = {isa = PBXFileReference; lastKnownFileType = folder.assetcatalog; path = Assets.xcassets; sourceTree = "<group>"; };
		3FFB7A6827C575050063D778 /* Preview Assets.xcassets */ = {isa = PBXFileReference; lastKnownFileType = folder.assetcatalog; path = "Preview Assets.xcassets"; sourceTree = "<group>"; };
		3FFB7A6A27C575050063D778 /* Info.plist */ = {isa = PBXFileReference; lastKnownFileType = text.plist.xml; path = Info.plist; sourceTree = "<group>"; };
		3FFB7A7227C575210063D778 /* Item.swift */ = {isa = PBXFileReference; lastKnownFileType = sourcecode.swift; path = Item.swift; sourceTree = "<group>"; };
/* End PBXFileReference section */

/* Begin PBXFrameworksBuildPhase section */
		3FFB7A5B27C574FC0063D778 /* Frameworks */ = {
			isa = PBXFrameworksBuildPhase;
			buildActionMask = 2147483647;
			files = (
			);
			runOnlyForDeploymentPostprocessing = 0;
		};
/* End PBXFrameworksBuildPhase section */

/* Begin PBXGroup section */
		3F162EA127C6FE7A0031D59E /* ViewModel */ = {
			isa = PBXGroup;
			children = (
				3FCB33DF27C9BD8F00F0D8B6 /* NewsViewModel.swift */,
			);
			path = ViewModel;
			sourceTree = "<group>";
		};
		3F56CA0A27C6CBED004532B0 /* View */ = {
			isa = PBXGroup;
			children = (
				3F56CA0B27C6CC20004532B0 /* NewsView.swift */,
				3FDB6A0F27C81B2100DAEBE8 /* Story.swift */,
			);
			path = View;
			sourceTree = "<group>";
		};
		3FAD9C8D27C9691400316475 /* Networking */ = {
			isa = PBXGroup;
			children = (
				3FAD9C8E27C9692000316475 /* APIRequest.swift */,
			);
			path = Networking;
			sourceTree = "<group>";
		};
		3FFB7A5527C574FC0063D778 = {
			isa = PBXGroup;
			children = (
				3FFB7A6027C574FC0063D778 /* HackerNews */,
				3FFB7A5F27C574FC0063D778 /* Products */,
			);
			sourceTree = "<group>";
		};
		3FFB7A5F27C574FC0063D778 /* Products */ = {
			isa = PBXGroup;
			children = (
				3FFB7A5E27C574FC0063D778 /* HackerNews.app */,
			);
			name = Products;
			sourceTree = "<group>";
		};
		3FFB7A6027C574FC0063D778 /* HackerNews */ = {
			isa = PBXGroup;
			children = (
				3FFB7A6127C574FC0063D778 /* HackerNewsApp.swift */,
				3FAD9C8D27C9691400316475 /* Networking */,
				3F56CA0A27C6CBED004532B0 /* View */,
				3F162EA127C6FE7A0031D59E /* ViewModel */,
				3FFB7A7127C5750F0063D778 /* Model */,
				3FFB7A6527C575050063D778 /* Assets.xcassets */,
				3FFB7A6A27C575050063D778 /* Info.plist */,
				3FFB7A6727C575050063D778 /* Preview Content */,
				3F56CA0427C6C6F2004532B0 /* Story.json */,
			);
			path = HackerNews;
			sourceTree = "<group>";
		};
		3FFB7A6727C575050063D778 /* Preview Content */ = {
			isa = PBXGroup;
			children = (
				3FFB7A6827C575050063D778 /* Preview Assets.xcassets */,
			);
			path = "Preview Content";
			sourceTree = "<group>";
		};
		3FFB7A7127C5750F0063D778 /* Model */ = {
			isa = PBXGroup;
			children = (
				3FFB7A7227C575210063D778 /* Item.swift */,
				3F56CA0727C6C72F004532B0 /* TestData.swift */,
				3F56CA0E27C6D2E9004532B0 /* Formatting.swift */,
			);
			path = Model;
			sourceTree = "<group>";
		};
/* End PBXGroup section */

/* Begin PBXNativeTarget section */
		3FFB7A5D27C574FC0063D778 /* HackerNews */ = {
			isa = PBXNativeTarget;
			buildConfigurationList = 3FFB7A6D27C575050063D778 /* Build configuration list for PBXNativeTarget "HackerNews" */;
			buildPhases = (
				3FFB7A5A27C574FC0063D778 /* Sources */,
				3FFB7A5B27C574FC0063D778 /* Frameworks */,
				3FFB7A5C27C574FC0063D778 /* Resources */,
			);
			buildRules = (
			);
			dependencies = (
			);
			name = HackerNews;
			productName = HackerNews;
			productReference = 3FFB7A5E27C574FC0063D778 /* HackerNews.app */;
			productType = "com.apple.product-type.application";
		};
/* End PBXNativeTarget section */

/* Begin PBXProject section */
		3FFB7A5627C574FC0063D778 /* Project object */ = {
			isa = PBXProject;
			attributes = {
				LastSwiftUpdateCheck = 1200;
				LastUpgradeCheck = 1200;
				TargetAttributes = {
					3FFB7A5D27C574FC0063D778 = {
						CreatedOnToolsVersion = 12.0.1;
					};
				};
			};
			buildConfigurationList = 3FFB7A5927C574FC0063D778 /* Build configuration list for PBXProject "HackerNews" */;
			compatibilityVersion = "Xcode 9.3";
			developmentRegion = en;
			hasScannedForEncodings = 0;
			knownRegions = (
				en,
				Base,
			);
			mainGroup = 3FFB7A5527C574FC0063D778;
			productRefGroup = 3FFB7A5F27C574FC0063D778 /* Products */;
			projectDirPath = "";
			projectRoot = "";
			targets = (
				3FFB7A5D27C574FC0063D778 /* HackerNews */,
			);
		};
/* End PBXProject section */

/* Begin PBXResourcesBuildPhase section */
		3FFB7A5C27C574FC0063D778 /* Resources */ = {
			isa = PBXResourcesBuildPhase;
			buildActionMask = 2147483647;
			files = (
				3F56CA0527C6C6F2004532B0 /* Story.json in Resources */,
				3FFB7A6927C575050063D778 /* Preview Assets.xcassets in Resources */,
				3FFB7A6627C575050063D778 /* Assets.xcassets in Resources */,
			);
			runOnlyForDeploymentPostprocessing = 0;
		};
/* End PBXResourcesBuildPhase section */

/* Begin PBXSourcesBuildPhase section */
		3FFB7A5A27C574FC0063D778 /* Sources */ = {
			isa = PBXSourcesBuildPhase;
			buildActionMask = 2147483647;
			files = (
				3FDB6A1027C81B2100DAEBE8 /* Story.swift in Sources */,
				3FAD9C8F27C9692000316475 /* APIRequest.swift in Sources */,
				3F56CA0F27C6D2E9004532B0 /* Formatting.swift in Sources */,
				3FFB7A7327C575210063D778 /* Item.swift in Sources */,
				3FFB7A6227C574FC0063D778 /* HackerNewsApp.swift in Sources */,
				3F56CA0C27C6CC20004532B0 /* NewsView.swift in Sources */,
				3F56CA0827C6C72F004532B0 /* TestData.swift in Sources */,
				3FCB33E027C9BD8F00F0D8B6 /* NewsViewModel.swift in Sources */,
			);
			runOnlyForDeploymentPostprocessing = 0;
		};
/* End PBXSourcesBuildPhase section */

/* Begin XCBuildConfiguration section */
		3FFB7A6B27C575050063D778 /* Debug */ = {
			isa = XCBuildConfiguration;
			buildSettings = {
				ALWAYS_SEARCH_USER_PATHS = NO;
				CLANG_ANALYZER_NONNULL = YES;
				CLANG_ANALYZER_NUMBER_OBJECT_CONVERSION = YES_AGGRESSIVE;
				CLANG_CXX_LANGUAGE_STANDARD = "gnu++14";
				CLANG_CXX_LIBRARY = "libc++";
				CLANG_ENABLE_MODULES = YES;
				CLANG_ENABLE_OBJC_ARC = YES;
				CLANG_ENABLE_OBJC_WEAK = YES;
				CLANG_WARN_BLOCK_CAPTURE_AUTORELEASING = YES;
				CLANG_WARN_BOOL_CONVERSION = YES;
				CLANG_WARN_COMMA = YES;
				CLANG_WARN_CONSTANT_CONVERSION = YES;
				CLANG_WARN_DEPRECATED_OBJC_IMPLEMENTATIONS = YES;
				CLANG_WARN_DIRECT_OBJC_ISA_USAGE = YES_ERROR;
				CLANG_WARN_DOCUMENTATION_COMMENTS = YES;
				CLANG_WARN_EMPTY_BODY = YES;
				CLANG_WARN_ENUM_CONVERSION = YES;
				CLANG_WARN_INFINITE_RECURSION = YES;
				CLANG_WARN_INT_CONVERSION = YES;
				CLANG_WARN_NON_LITERAL_NULL_CONVERSION = YES;
				CLANG_WARN_OBJC_IMPLICIT_RETAIN_SELF = YES;
				CLANG_WARN_OBJC_LITERAL_CONVERSION = YES;
				CLANG_WARN_OBJC_ROOT_CLASS = YES_ERROR;
				CLANG_WARN_QUOTED_INCLUDE_IN_FRAMEWORK_HEADER = YES;
				CLANG_WARN_RANGE_LOOP_ANALYSIS = YES;
				CLANG_WARN_STRICT_PROTOTYPES = YES;
				CLANG_WARN_SUSPICIOUS_MOVE = YES;
				CLANG_WARN_UNGUARDED_AVAILABILITY = YES_AGGRESSIVE;
				CLANG_WARN_UNREACHABLE_CODE = YES;
				CLANG_WARN__DUPLICATE_METHOD_MATCH = YES;
				COPY_PHASE_STRIP = NO;
				DEBUG_INFORMATION_FORMAT = dwarf;
				ENABLE_STRICT_OBJC_MSGSEND = YES;
				ENABLE_TESTABILITY = YES;
				GCC_C_LANGUAGE_STANDARD = gnu11;
				GCC_DYNAMIC_NO_PIC = NO;
				GCC_NO_COMMON_BLOCKS = YES;
				GCC_OPTIMIZATION_LEVEL = 0;
				GCC_PREPROCESSOR_DEFINITIONS = (
					"DEBUG=1",
					"$(inherited)",
				);
				GCC_WARN_64_TO_32_BIT_CONVERSION = YES;
				GCC_WARN_ABOUT_RETURN_TYPE = YES_ERROR;
				GCC_WARN_UNDECLARED_SELECTOR = YES;
				GCC_WARN_UNINITIALIZED_AUTOS = YES_AGGRESSIVE;
				GCC_WARN_UNUSED_FUNCTION = YES;
				GCC_WARN_UNUSED_VARIABLE = YES;
				IPHONEOS_DEPLOYMENT_TARGET = 14.0;
				MTL_ENABLE_DEBUG_INFO = INCLUDE_SOURCE;
				MTL_FAST_MATH = YES;
				ONLY_ACTIVE_ARCH = YES;
				SDKROOT = iphoneos;
				SWIFT_ACTIVE_COMPILATION_CONDITIONS = DEBUG;
				SWIFT_OPTIMIZATION_LEVEL = "-Onone";
			};
			name = Debug;
		};
		3FFB7A6C27C575050063D778 /* Release */ = {
			isa = XCBuildConfiguration;
			buildSettings = {
				ALWAYS_SEARCH_USER_PATHS = NO;
				CLANG_ANALYZER_NONNULL = YES;
				CLANG_ANALYZER_NUMBER_OBJECT_CONVERSION = YES_AGGRESSIVE;
				CLANG_CXX_LANGUAGE_STANDARD = "gnu++14";
				CLANG_CXX_LIBRARY = "libc++";
				CLANG_ENABLE_MODULES = YES;
				CLANG_ENABLE_OBJC_ARC = YES;
				CLANG_ENABLE_OBJC_WEAK = YES;
				CLANG_WARN_BLOCK_CAPTURE_AUTORELEASING = YES;
				CLANG_WARN_BOOL_CONVERSION = YES;
				CLANG_WARN_COMMA = YES;
				CLANG_WARN_CONSTANT_CONVERSION = YES;
				CLANG_WARN_DEPRECATED_OBJC_IMPLEMENTATIONS = YES;
				CLANG_WARN_DIRECT_OBJC_ISA_USAGE = YES_ERROR;
				CLANG_WARN_DOCUMENTATION_COMMENTS = YES;
				CLANG_WARN_EMPTY_BODY = YES;
				CLANG_WARN_ENUM_CONVERSION = YES;
				CLANG_WARN_INFINITE_RECURSION = YES;
				CLANG_WARN_INT_CONVERSION = YES;
				CLANG_WARN_NON_LITERAL_NULL_CONVERSION = YES;
				CLANG_WARN_OBJC_IMPLICIT_RETAIN_SELF = YES;
				CLANG_WARN_OBJC_LITERAL_CONVERSION = YES;
				CLANG_WARN_OBJC_ROOT_CLASS = YES_ERROR;
				CLANG_WARN_QUOTED_INCLUDE_IN_FRAMEWORK_HEADER = YES;
				CLANG_WARN_RANGE_LOOP_ANALYSIS = YES;
				CLANG_WARN_STRICT_PROTOTYPES = YES;
				CLANG_WARN_SUSPICIOUS_MOVE = YES;
				CLANG_WARN_UNGUARDED_AVAILABILITY = YES_AGGRESSIVE;
				CLANG_WARN_UNREACHABLE_CODE = YES;
				CLANG_WARN__DUPLICATE_METHOD_MATCH = YES;
				COPY_PHASE_STRIP = NO;
				DEBUG_INFORMATION_FORMAT = "dwarf-with-dsym";
				ENABLE_NS_ASSERTIONS = NO;
				ENABLE_STRICT_OBJC_MSGSEND = YES;
				GCC_C_LANGUAGE_STANDARD = gnu11;
				GCC_NO_COMMON_BLOCKS = YES;
				GCC_WARN_64_TO_32_BIT_CONVERSION = YES;
				GCC_WARN_ABOUT_RETURN_TYPE = YES_ERROR;
				GCC_WARN_UNDECLARED_SELECTOR = YES;
				GCC_WARN_UNINITIALIZED_AUTOS = YES_AGGRESSIVE;
				GCC_WARN_UNUSED_FUNCTION = YES;
				GCC_WARN_UNUSED_VARIABLE = YES;
				IPHONEOS_DEPLOYMENT_TARGET = 14.0;
				MTL_ENABLE_DEBUG_INFO = NO;
				MTL_FAST_MATH = YES;
				SDKROOT = iphoneos;
				SWIFT_COMPILATION_MODE = wholemodule;
				SWIFT_OPTIMIZATION_LEVEL = "-O";
				VALIDATE_PRODUCT = YES;
			};
			name = Release;
		};
		3FFB7A6E27C575050063D778 /* Debug */ = {
			isa = XCBuildConfiguration;
			buildSettings = {
				ASSETCATALOG_COMPILER_APPICON_NAME = AppIcon;
				ASSETCATALOG_COMPILER_GLOBAL_ACCENT_COLOR_NAME = AccentColor;
				CODE_SIGN_STYLE = Automatic;
				DEVELOPMENT_ASSET_PATHS = "\"HackerNews/Preview Content\"";
				DEVELOPMENT_TEAM = 6Q4YWJB5GL;
				ENABLE_PREVIEWS = YES;
				INFOPLIST_FILE = HackerNews/Info.plist;
				IPHONEOS_DEPLOYMENT_TARGET = 14.0;
				LD_RUNPATH_SEARCH_PATHS = (
					"$(inherited)",
					"@executable_path/Frameworks",
				);
				PRODUCT_BUNDLE_IDENTIFIER = io.github.mantaevvfl.HackerNews;
				PRODUCT_NAME = "$(TARGET_NAME)";
				SWIFT_VERSION = 5.0;
				TARGETED_DEVICE_FAMILY = "1,2";
			};
			name = Debug;
		};
		3FFB7A6F27C575050063D778 /* Release */ = {
			isa = XCBuildConfiguration;
			buildSettings = {
				ASSETCATALOG_COMPILER_APPICON_NAME = AppIcon;
				ASSETCATALOG_COMPILER_GLOBAL_ACCENT_COLOR_NAME = AccentColor;
				CODE_SIGN_STYLE = Automatic;
				DEVELOPMENT_ASSET_PATHS = "\"HackerNews/Preview Content\"";
				DEVELOPMENT_TEAM = 6Q4YWJB5GL;
				ENABLE_PREVIEWS = YES;
				INFOPLIST_FILE = HackerNews/Info.plist;
				IPHONEOS_DEPLOYMENT_TARGET = 14.0;
				LD_RUNPATH_SEARCH_PATHS = (
					"$(inherited)",
					"@executable_path/Frameworks",
				);
				PRODUCT_BUNDLE_IDENTIFIER = io.github.mantaevvfl.HackerNews;
				PRODUCT_NAME = "$(TARGET_NAME)";
				SWIFT_VERSION = 5.0;
				TARGETED_DEVICE_FAMILY = "1,2";
			};
			name = Release;
		};
/* End XCBuildConfiguration section */

/* Begin XCConfigurationList section */
		3FFB7A5927C574FC0063D778 /* Build configuration list for PBXProject "HackerNews" */ = {
			isa = XCConfigurationList;
			buildConfigurations = (
				3FFB7A6B27C575050063D778 /* Debug */,
				3FFB7A6C27C575050063D778 /* Release */,
			);
			defaultConfigurationIsVisible = 0;
			defaultConfigurationName = Release;
		};
		3FFB7A6D27C575050063D778 /* Build configuration list for PBXNativeTarget "HackerNews" */ = {
			isa = XCConfigurationList;
			buildConfigurations = (
				3FFB7A6E27C575050063D778 /* Debug */,
				3FFB7A6F27C575050063D778 /* Release */,
			);
			defaultConfigurationIsVisible = 0;
			defaultConfigurationName = Release;
		};
/* End XCConfigurationList section */
	};
	rootObject = 3FFB7A5627C574FC0063D778 /* Project object */;
}
